
Microsoft Visual Studio Solution File, Format Version 12.00
# Visual Studio Version 16
VisualStudioVersion = 16.0.31729.503
MinimumVisualStudioVersion = 10.0.40219.1
Project("{FAE04EC0-301F-11D3-BF4B-00C04F79EFBC}") = "MvcMovie", "MvcMovie\MvcMovie.csproj", "{60E3A133-8015-4739-9383-B304E2CC07A0}"
EndProject
Global
	GlobalSection(SolutionConfigurationPlatforms) = preSolution
		Debug|Any CPU = Debug|Any CPU
		Release|Any CPU = Release|Any CPU
	EndGlobalSection
	GlobalSection(ProjectConfigurationPlatforms) = postSolution
		{60E3A133-8015-4739-9383-B304E2CC07A0}.Debug|Any CPU.ActiveCfg = Debug|Any CPU
		{60E3A133-8015-4739-9383-B304E2CC07A0}.Debug|Any CPU.Build.0 = Debug|Any CPU
		{60E3A133-8015-4739-9383-B304E2CC07A0}.Release|Any CPU.ActiveCfg = Release|Any CPU
		{60E3A133-8015-4739-9383-B304E2CC07A0}.Release|Any CPU.Build.0 = Release|Any CPU
	EndGlobalSection
	GlobalSection(SolutionProperties) = preSolution
		HideSolutionNode = FALSE
	EndGlobalSection
	GlobalSection(ExtensibilityGlobals) = postSolution
		SolutionGuid = {EBA5BBD8-D162-4F2A-8A9D-8345E4CCF0EC}
	EndGlobalSection
EndGlobal
